{
  "requires": true,
  "lockfileVersion": 1,
  "dependencies": {
    "better-dateinput-polyfill": {
      "version": "3.2.3",
      "resolved": "https://registry.npmjs.org/better-dateinput-polyfill/-/better-dateinput-polyfill-3.2.3.tgz",
      "integrity": "sha512-593eMLr0XbVqOGzCaQZaXSEdWv2SSkyJCsExDA09ipnpx8JoB+tbpNUcwoPXnEpY3ftMtiGRjWw0lYTKqiw4Iw=="
    },
    "better-dom": {
      "version": "4.0.0",
      "resolved": "https://registry.npmjs.org/better-dom/-/better-dom-4.0.0.tgz",
      "integrity": "sha512-73W2/aG6fb2TzeAdQA99n6rYlnVCSjZEH2GoGe268yGTqZAQrqJUIU3Y37VUwz9de5V8CivXYBKrBhj4moLEuw=="
    }
  }
}
